// !$*UTF8*$!
{
	archiveVersion = 1;
	classes = {
	};
	objectVersion = 50;
	objects = {

/* Begin PBXFileReference section */
		11B841222490931700CBB7CC /* nesdoug.s */ = {isa = PBXFileReference; lastKnownFileType = sourcecode.asm; path = nesdoug.s; sourceTree = "<group>"; };
		11B841232490931700CBB7CC /* nesdoug.h */ = {isa = PBXFileReference; lastKnownFileType = sourcecode.c.h; path = nesdoug.h; sourceTree = "<group>"; };
		11B841242490931700CBB7CC /* neslib.s */ = {isa = PBXFileReference; lastKnownFileType = sourcecode.asm; path = neslib.s; sourceTree = "<group>"; };
		11B841252490931700CBB7CC /* neslib.h */ = {isa = PBXFileReference; lastKnownFileType = sourcecode.c.h; path = neslib.h; sourceTree = "<group>"; };
		11B841262490931700CBB7CC /* compile.bat */ = {isa = PBXFileReference; lastKnownFileType = text; path = compile.bat; sourceTree = "<group>"; };
		11B841282490931700CBB7CC /* famitone2.s */ = {isa = PBXFileReference; lastKnownFileType = sourcecode.asm; path = famitone2.s; sourceTree = "<group>"; };
		11B8412B2490931800CBB7CC /* labels.txt */ = {isa = PBXFileReference; lastKnownFileType = text; path = labels.txt; sourceTree = "<group>"; };
		11B8412E2490931800CBB7CC /* escape.c */ = {isa = PBXFileReference; lastKnownFileType = sourcecode.c.c; path = escape.c; sourceTree = "<group>"; };
		11B8412F2490931800CBB7CC /* License.txt */ = {isa = PBXFileReference; lastKnownFileType = text; path = License.txt; sourceTree = "<group>"; };
		11B841302490931800CBB7CC /* crt0.s */ = {isa = PBXFileReference; lastKnownFileType = sourcecode.asm; path = crt0.s; sourceTree = "<group>"; };
		11B841312490931800CBB7CC /* nrom_32k_vert.cfg */ = {isa = PBXFileReference; lastKnownFileType = text; path = nrom_32k_vert.cfg; sourceTree = "<group>"; };
		11B8413224909BC300CBB7CC /* compile.sh */ = {isa = PBXFileReference; lastKnownFileType = text.script.sh; path = compile.sh; sourceTree = "<group>"; };
		11B8413324918CEE00CBB7CC /* AlphaPlus.chr */ = {isa = PBXFileReference; lastKnownFileType = file; path = AlphaPlus.chr; sourceTree = "<group>"; };
		11B84137249304A500CBB7CC /* metasprites.h */ = {isa = PBXFileReference; lastKnownFileType = sourcecode.c.h; path = metasprites.h; sourceTree = "<group>"; };
		11B841382493053A00CBB7CC /* escape.chr */ = {isa = PBXFileReference; lastKnownFileType = file; path = escape.chr; sourceTree = "<group>"; };
		11B8413B2493262B00CBB7CC /* structs.h */ = {isa = PBXFileReference; lastKnownFileType = sourcecode.c.h; path = structs.h; sourceTree = "<group>"; };
		11B8413D24947A1900CBB7CC /* metatiles.h */ = {isa = PBXFileReference; lastKnownFileType = sourcecode.c.h; path = metatiles.h; sourceTree = "<group>"; };
		11B8413E2495DD4100CBB7CC /* testmap.h */ = {isa = PBXFileReference; lastKnownFileType = sourcecode.c.h; path = testmap.h; sourceTree = "<group>"; };
		11B84140249ADF6400CBB7CC /* level10.c */ = {isa = PBXFileReference; lastKnownFileType = sourcecode.c.c; path = level10.c; sourceTree = "<group>"; };
		11B84142249AE9E800CBB7CC /* levels.h */ = {isa = PBXFileReference; lastKnownFileType = sourcecode.c.h; path = levels.h; sourceTree = "<group>"; };
/* End PBXFileReference section */

/* Begin PBXGroup section */
		11B841162490929300CBB7CC = {
			isa = PBXGroup;
			children = (
				11B8413324918CEE00CBB7CC /* AlphaPlus.chr */,
				11B841382493053A00CBB7CC /* escape.chr */,
				11B8412A2490931800CBB7CC /* build */,
				11B841262490931700CBB7CC /* compile.bat */,
				11B8413224909BC300CBB7CC /* compile.sh */,
				11B841302490931800CBB7CC /* crt0.s */,
				11B84137249304A500CBB7CC /* metasprites.h */,
				11B8413D24947A1900CBB7CC /* metatiles.h */,
				11B84142249AE9E800CBB7CC /* levels.h */,
				11B841392493057800CBB7CC /* metasprites */,
				11B8412E2490931800CBB7CC /* escape.c */,
				11B8413B2493262B00CBB7CC /* structs.h */,
				11B841212490931700CBB7CC /* lib */,
				11B8412F2490931800CBB7CC /* License.txt */,
				11B841272490931700CBB7CC /* music */,
				11B841312490931800CBB7CC /* nrom_32k_vert.cfg */,
				11B8411F249092B700CBB7CC /* tilemaps */,
			);
			sourceTree = "<group>";
		};
		11B8411F249092B700CBB7CC /* tilemaps */ = {
			isa = PBXGroup;
			children = (
				11B8413E2495DD4100CBB7CC /* testmap.h */,
				11B84140249ADF6400CBB7CC /* level10.c */,
			);
			path = tilemaps;
			sourceTree = "<group>";
		};
		11B841212490931700CBB7CC /* lib */ = {
			isa = PBXGroup;
			children = (
				11B841222490931700CBB7CC /* nesdoug.s */,
				11B841232490931700CBB7CC /* nesdoug.h */,
				11B841242490931700CBB7CC /* neslib.s */,
				11B841252490931700CBB7CC /* neslib.h */,
			);
			path = lib;
			sourceTree = "<group>";
		};
		11B841272490931700CBB7CC /* music */ = {
			isa = PBXGroup;
			children = (
				11B841282490931700CBB7CC /* famitone2.s */,
			);
			path = music;
			sourceTree = "<group>";
		};
		11B8412A2490931800CBB7CC /* build */ = {
			isa = PBXGroup;
			children = (
				11B8412B2490931800CBB7CC /* labels.txt */,
			);
			path = build;
			sourceTree = "<group>";
		};
		11B841392493057800CBB7CC /* metasprites */ = {
			isa = PBXGroup;
			children = (
			);
			path = metasprites;
			sourceTree = "<group>";
		};
/* End PBXGroup section */

/* Begin PBXProject section */
		11B841172490929300CBB7CC /* Project object */ = {
			isa = PBXProject;
			attributes = {
				LastUpgradeCheck = 1150;
			};
			buildConfigurationList = 11B8411A2490929300CBB7CC /* Build configuration list for PBXProject "Castle Escape" */;
			compatibilityVersion = "Xcode 9.3";
			developmentRegion = en;
			hasScannedForEncodings = 0;
			knownRegions = (
				en,
				Base,
			);
			mainGroup = 11B841162490929300CBB7CC;
			projectDirPath = "";
			projectRoot = "";
			targets = (
			);
		};
/* End PBXProject section */

/* Begin XCBuildConfiguration section */
		11B8411B2490929300CBB7CC /* Debug */ = {
			isa = XCBuildConfiguration;
			buildSettings = {
			};
			name = Debug;
		};
		11B8411C2490929300CBB7CC /* Release */ = {
			isa = XCBuildConfiguration;
			buildSettings = {
			};
			name = Release;
		};
/* End XCBuildConfiguration section */

/* Begin XCConfigurationList section */
		11B8411A2490929300CBB7CC /* Build configuration list for PBXProject "Castle Escape" */ = {
			isa = XCConfigurationList;
			buildConfigurations = (
				11B8411B2490929300CBB7CC /* Debug */,
				11B8411C2490929300CBB7CC /* Release */,
			);
			defaultConfigurationIsVisible = 0;
			defaultConfigurationName = Release;
		};
/* End XCConfigurationList section */
	};
	rootObject = 11B841172490929300CBB7CC /* Project object */;
}
